// !$*UTF8*$!
{
	archiveVersion = 1;
	classes = {
	};
	objectVersion = 46;
	objects = {

/* Begin PBXBuildFile section */
		15688F8623B5F09B00273BA1 /* main.m in Sources */ = {isa = PBXBuildFile; fileRef = 15688F8523B5F09B00273BA1 /* main.m */; };
		15688F8923B5F09B00273BA1 /* AppDelegate.mm in Sources */ = {isa = PBXBuildFile; fileRef = 15688F8823B5F09B00273BA1 /* AppDelegate.mm */; };
		15688F8C23B5F09B00273BA1 /* ViewController.mm in Sources */ = {isa = PBXBuildFile; fileRef = 15688F8B23B5F09B00273BA1 /* ViewController.mm */; };
		15688F8F23B5F09B00273BA1 /* Main.storyboard in Resources */ = {isa = PBXBuildFile; fileRef = 15688F8D23B5F09B00273BA1 /* Main.storyboard */; };
		15688F9123B5F09B00273BA1 /* Assets.xcassets in Resources */ = {isa = PBXBuildFile; fileRef = 15688F9023B5F09B00273BA1 /* Assets.xcassets */; };
		15688F9423B5F09B00273BA1 /* LaunchScreen.storyboard in Resources */ = {isa = PBXBuildFile; fileRef = 15688F9223B5F09B00273BA1 /* LaunchScreen.storyboard */; };
		15688FA923B5FCDD00273BA1 /* ultimate_mrz-sdk.framework in Frameworks */ = {isa = PBXBuildFile; fileRef = 15688FA423B5F75300273BA1 /* ultimate_mrz-sdk.framework */; };
		15688FAA23B5FCDD00273BA1 /* ultimate_mrz-sdk.framework in Embed Frameworks */ = {isa = PBXBuildFile; fileRef = 15688FA423B5F75300273BA1 /* ultimate_mrz-sdk.framework */; settings = {ATTRIBUTES = (CodeSignOnCopy, RemoveHeadersOnCopy, ); }; };
		15688FDB23B6171E00273BA1 /* mrz.classifier.params.json.doubango in Resources */ = {isa = PBXBuildFile; fileRef = 15688FD723B6171E00273BA1 /* mrz.classifier.params.json.doubango */; };
		15688FDC23B6171E00273BA1 /* mrz.classifier.strong.model.flat in Resources */ = {isa = PBXBuildFile; fileRef = 15688FD823B6171E00273BA1 /* mrz.classifier.strong.model.flat */; };
		15688FDD23B6171E00273BA1 /* mrz.classifier.strong.pca.json in Resources */ = {isa = PBXBuildFile; fileRef = 15688FD923B6171E00273BA1 /* mrz.classifier.strong.pca.json */; };
		15688FDE23B6171E00273BA1 /* mrz.traineddata in Resources */ = {isa = PBXBuildFile; fileRef = 15688FDA23B6171E00273BA1 /* mrz.traineddata */; };
		15688FEE23B61D7300273BA1 /* Czech_passport_2005_MRZ_orient1_1300x1002.jpg in Resources */ = {isa = PBXBuildFile; fileRef = 15688FE423B61D7300273BA1 /* Czech_passport_2005_MRZ_orient1_1300x1002.jpg */; };
		15688FEF23B61D7300273BA1 /* Czech_passport_2005_MRZ_orient2_1300x1002.jpg in Resources */ = {isa = PBXBuildFile; fileRef = 15688FE523B61D7300273BA1 /* Czech_passport_2005_MRZ_orient2_1300x1002.jpg */; };
		15688FF023B61D7300273BA1 /* Czech_passport_2005_MRZ_orient3_1300x1002.jpg in Resources */ = {isa = PBXBuildFile; fileRef = 15688FE623B61D7300273BA1 /* Czech_passport_2005_MRZ_orient3_1300x1002.jpg */; };
		15688FF123B61D7300273BA1 /* Czech_passport_2005_MRZ_orient4_1300x1002.jpg in Resources */ = {isa = PBXBuildFile; fileRef = 15688FE723B61D7300273BA1 /* Czech_passport_2005_MRZ_orient4_1300x1002.jpg */; };
		15688FF223B61D7300273BA1 /* Czech_passport_2005_MRZ_orient5_1300x1002.jpg in Resources */ = {isa = PBXBuildFile; fileRef = 15688FE823B61D7300273BA1 /* Czech_passport_2005_MRZ_orient5_1300x1002.jpg */; };
		15688FF323B61D7300273BA1 /* Czech_passport_2005_MRZ_orient6_1300x1002.jpg in Resources */ = {isa = PBXBuildFile; fileRef = 15688FE923B61D7300273BA1 /* Czech_passport_2005_MRZ_orient6_1300x1002.jpg */; };
		15688FF423B61D7300273BA1 /* Czech_passport_2005_MRZ_orient7_1300x1002.jpg in Resources */ = {isa = PBXBuildFile; fileRef = 15688FEA23B61D7300273BA1 /* Czech_passport_2005_MRZ_orient7_1300x1002.jpg */; };
		15688FF523B61D7300273BA1 /* Czech_passport_2005_MRZ_orient8_1300x1002.jpg in Resources */ = {isa = PBXBuildFile; fileRef = 15688FEB23B61D7300273BA1 /* Czech_passport_2005_MRZ_orient8_1300x1002.jpg */; };
		15688FF623B61D7300273BA1 /* Passport-Australia_1280x720.jpg in Resources */ = {isa = PBXBuildFile; fileRef = 15688FEC23B61D7300273BA1 /* Passport-Australia_1280x720.jpg */; };
		15688FF723B61D7300273BA1 /* Passport-France_1200x864.jpg in Resources */ = {isa = PBXBuildFile; fileRef = 15688FED23B61D7300273BA1 /* Passport-France_1200x864.jpg */; };
/* End PBXBuildFile section */

/* Begin PBXCopyFilesBuildPhase section */
		15688FAB23B5FCDD00273BA1 /* Embed Frameworks */ = {
			isa = PBXCopyFilesBuildPhase;
			buildActionMask = 2147483647;
			dstPath = "";
			dstSubfolderSpec = 10;
			files = (
				15688FAA23B5FCDD00273BA1 /* ultimate_mrz-sdk.framework in Embed Frameworks */,
			);
			name = "Embed Frameworks";
			runOnlyForDeploymentPostprocessing = 0;
		};
/* End PBXCopyFilesBuildPhase section */

/* Begin PBXFileReference section */
		15688F8123B5F09B00273BA1 /* Benchmark.app */ = {isa = PBXFileReference; explicitFileType = wrapper.application; includeInIndex = 0; path = Benchmark.app; sourceTree = BUILT_PRODUCTS_DIR; };
		15688F8523B5F09B00273BA1 /* main.m */ = {isa = PBXFileReference; lastKnownFileType = sourcecode.c.objc; path = main.m; sourceTree = "<group>"; };
		15688F8723B5F09B00273BA1 /* AppDelegate.h */ = {isa = PBXFileReference; lastKnownFileType = sourcecode.c.h; path = AppDelegate.h; sourceTree = "<group>"; };
		15688F8823B5F09B00273BA1 /* AppDelegate.mm */ = {isa = PBXFileReference; lastKnownFileType = sourcecode.cpp.objcpp; path = AppDelegate.mm; sourceTree = "<group>"; };
		15688F8A23B5F09B00273BA1 /* ViewController.h */ = {isa = PBXFileReference; lastKnownFileType = sourcecode.c.h; path = ViewController.h; sourceTree = "<group>"; };
		15688F8B23B5F09B00273BA1 /* ViewController.mm */ = {isa = PBXFileReference; lastKnownFileType = sourcecode.cpp.objcpp; path = ViewController.mm; sourceTree = "<group>"; };
		15688F8E23B5F09B00273BA1 /* Base */ = {isa = PBXFileReference; lastKnownFileType = file.storyboard; name = Base; path = Base.lproj/Main.storyboard; sourceTree = "<group>"; };
		15688F9023B5F09B00273BA1 /* Assets.xcassets */ = {isa = PBXFileReference; lastKnownFileType = folder.assetcatalog; path = Assets.xcassets; sourceTree = "<group>"; };
		15688F9323B5F09B00273BA1 /* Base */ = {isa = PBXFileReference; lastKnownFileType = file.storyboard; name = Base; path = Base.lproj/LaunchScreen.storyboard; sourceTree = "<group>"; };
		15688F9523B5F09B00273BA1 /* Info.plist */ = {isa = PBXFileReference; lastKnownFileType = text.plist.xml; path = Info.plist; sourceTree = "<group>"; };
		15688FA423B5F75300273BA1 /* ultimate_mrz-sdk.framework */ = {isa = PBXFileReference; lastKnownFileType = wrapper.framework; name = "ultimate_mrz-sdk.framework"; path = "../../../binaries/ios/ultimate_mrz-sdk.framework"; sourceTree = "<group>"; };
		15688FD723B6171E00273BA1 /* mrz.classifier.params.json.doubango */ = {isa = PBXFileReference; lastKnownFileType = file; path = mrz.classifier.params.json.doubango; sourceTree = "<group>"; };
		15688FD823B6171E00273BA1 /* mrz.classifier.strong.model.flat */ = {isa = PBXFileReference; lastKnownFileType = file; path = mrz.classifier.strong.model.flat; sourceTree = "<group>"; };
		15688FD923B6171E00273BA1 /* mrz.classifier.strong.pca.json */ = {isa = PBXFileReference; fileEncoding = 4; lastKnownFileType = text.json; path = mrz.classifier.strong.pca.json; sourceTree = "<group>"; };
		15688FDA23B6171E00273BA1 /* mrz.traineddata */ = {isa = PBXFileReference; lastKnownFileType = file; path = mrz.traineddata; sourceTree = "<group>"; };
		15688FE423B61D7300273BA1 /* Czech_passport_2005_MRZ_orient1_1300x1002.jpg */ = {isa = PBXFileReference; lastKnownFileType = image.jpeg; path = Czech_passport_2005_MRZ_orient1_1300x1002.jpg; sourceTree = "<group>"; };
		15688FE523B61D7300273BA1 /* Czech_passport_2005_MRZ_orient2_1300x1002.jpg */ = {isa = PBXFileReference; lastKnownFileType = image.jpeg; path = Czech_passport_2005_MRZ_orient2_1300x1002.jpg; sourceTree = "<group>"; };
		15688FE623B61D7300273BA1 /* Czech_passport_2005_MRZ_orient3_1300x1002.jpg */ = {isa = PBXFileReference; lastKnownFileType = image.jpeg; path = Czech_passport_2005_MRZ_orient3_1300x1002.jpg; sourceTree = "<group>"; };
		15688FE723B61D7300273BA1 /* Czech_passport_2005_MRZ_orient4_1300x1002.jpg */ = {isa = PBXFileReference; lastKnownFileType = image.jpeg; path = Czech_passport_2005_MRZ_orient4_1300x1002.jpg; sourceTree = "<group>"; };
		15688FE823B61D7300273BA1 /* Czech_passport_2005_MRZ_orient5_1300x1002.jpg */ = {isa = PBXFileReference; lastKnownFileType = image.jpeg; path = Czech_passport_2005_MRZ_orient5_1300x1002.jpg; sourceTree = "<group>"; };
		15688FE923B61D7300273BA1 /* Czech_passport_2005_MRZ_orient6_1300x1002.jpg */ = {isa = PBXFileReference; lastKnownFileType = image.jpeg; path = Czech_passport_2005_MRZ_orient6_1300x1002.jpg; sourceTree = "<group>"; };
		15688FEA23B61D7300273BA1 /* Czech_passport_2005_MRZ_orient7_1300x1002.jpg */ = {isa = PBXFileReference; lastKnownFileType = image.jpeg; path = Czech_passport_2005_MRZ_orient7_1300x1002.jpg; sourceTree = "<group>"; };
		15688FEB23B61D7300273BA1 /* Czech_passport_2005_MRZ_orient8_1300x1002.jpg */ = {isa = PBXFileReference; lastKnownFileType = image.jpeg; path = Czech_passport_2005_MRZ_orient8_1300x1002.jpg; sourceTree = "<group>"; };
		15688FEC23B61D7300273BA1 /* Passport-Australia_1280x720.jpg */ = {isa = PBXFileReference; lastKnownFileType = image.jpeg; path = "Passport-Australia_1280x720.jpg"; sourceTree = "<group>"; };
		15688FED23B61D7300273BA1 /* Passport-France_1200x864.jpg */ = {isa = PBXFileReference; lastKnownFileType = image.jpeg; path = "Passport-France_1200x864.jpg"; sourceTree = "<group>"; };
/* End PBXFileReference section */

/* Begin PBXFrameworksBuildPhase section */
		15688F7E23B5F09B00273BA1 /* Frameworks */ = {
			isa = PBXFrameworksBuildPhase;
			buildActionMask = 2147483647;
			files = (
				15688FA923B5FCDD00273BA1 /* ultimate_mrz-sdk.framework in Frameworks */,
			);
			runOnlyForDeploymentPostprocessing = 0;
		};
/* End PBXFrameworksBuildPhase section */

/* Begin PBXGroup section */
		15688F7823B5F09B00273BA1 = {
			isa = PBXGroup;
			children = (
				15688FE323B61D7300273BA1 /* images */,
				15688FD623B6171E00273BA1 /* models */,
				15688F8323B5F09B00273BA1 /* Benchmark */,
				15688F8223B5F09B00273BA1 /* Products */,
				15688F9B23B5F3B300273BA1 /* Frameworks */,
			);
			sourceTree = "<group>";
		};
		15688F8223B5F09B00273BA1 /* Products */ = {
			isa = PBXGroup;
			children = (
				15688F8123B5F09B00273BA1 /* Benchmark.app */,
			);
			name = Products;
			sourceTree = "<group>";
		};
		15688F8323B5F09B00273BA1 /* Benchmark */ = {
			isa = PBXGroup;
			children = (
				15688F8723B5F09B00273BA1 /* AppDelegate.h */,
				15688F8823B5F09B00273BA1 /* AppDelegate.mm */,
				15688F8A23B5F09B00273BA1 /* ViewController.h */,
				15688F8B23B5F09B00273BA1 /* ViewController.mm */,
				15688F8D23B5F09B00273BA1 /* Main.storyboard */,
				15688F9023B5F09B00273BA1 /* Assets.xcassets */,
				15688F9223B5F09B00273BA1 /* LaunchScreen.storyboard */,
				15688F9523B5F09B00273BA1 /* Info.plist */,
				15688F8423B5F09B00273BA1 /* Supporting Files */,
			);
			path = Benchmark;
			sourceTree = "<group>";
		};
		15688F8423B5F09B00273BA1 /* Supporting Files */ = {
			isa = PBXGroup;
			children = (
				15688F8523B5F09B00273BA1 /* main.m */,
			);
			name = "Supporting Files";
			sourceTree = "<group>";
		};
		15688F9B23B5F3B300273BA1 /* Frameworks */ = {
			isa = PBXGroup;
			children = (
				15688FA423B5F75300273BA1 /* ultimate_mrz-sdk.framework */,
			);
			name = Frameworks;
			sourceTree = "<group>";
		};
		15688FD623B6171E00273BA1 /* models */ = {
			isa = PBXGroup;
			children = (
				15688FD723B6171E00273BA1 /* mrz.classifier.params.json.doubango */,
				15688FD823B6171E00273BA1 /* mrz.classifier.strong.model.flat */,
				15688FD923B6171E00273BA1 /* mrz.classifier.strong.pca.json */,
				15688FDA23B6171E00273BA1 /* mrz.traineddata */,
			);
			name = models;
			path = ../../../assets/models;
			sourceTree = "<group>";
		};
		15688FE323B61D7300273BA1 /* images */ = {
			isa = PBXGroup;
			children = (
				15688FE423B61D7300273BA1 /* Czech_passport_2005_MRZ_orient1_1300x1002.jpg */,
				15688FE523B61D7300273BA1 /* Czech_passport_2005_MRZ_orient2_1300x1002.jpg */,
				15688FE623B61D7300273BA1 /* Czech_passport_2005_MRZ_orient3_1300x1002.jpg */,
				15688FE723B61D7300273BA1 /* Czech_passport_2005_MRZ_orient4_1300x1002.jpg */,
				15688FE823B61D7300273BA1 /* Czech_passport_2005_MRZ_orient5_1300x1002.jpg */,
				15688FE923B61D7300273BA1 /* Czech_passport_2005_MRZ_orient6_1300x1002.jpg */,
				15688FEA23B61D7300273BA1 /* Czech_passport_2005_MRZ_orient7_1300x1002.jpg */,
				15688FEB23B61D7300273BA1 /* Czech_passport_2005_MRZ_orient8_1300x1002.jpg */,
				15688FEC23B61D7300273BA1 /* Passport-Australia_1280x720.jpg */,
				15688FED23B61D7300273BA1 /* Passport-France_1200x864.jpg */,
			);
			name = images;
			path = ../../../assets/images;
			sourceTree = "<group>";
		};
/* End PBXGroup section */

/* Begin PBXNativeTarget section */
		15688F8023B5F09B00273BA1 /* Benchmark */ = {
			isa = PBXNativeTarget;
			buildConfigurationList = 15688F9823B5F09B00273BA1 /* Build configuration list for PBXNativeTarget "Benchmark" */;
			buildPhases = (
				15688F7D23B5F09B00273BA1 /* Sources */,
				15688F7E23B5F09B00273BA1 /* Frameworks */,
				15688F7F23B5F09B00273BA1 /* Resources */,
				15688FAB23B5FCDD00273BA1 /* Embed Frameworks */,
			);
			buildRules = (
			);
			dependencies = (
			);
			name = Benchmark;
			productName = Benchmark;
			productReference = 15688F8123B5F09B00273BA1 /* Benchmark.app */;
			productType = "com.apple.product-type.application";
		};
/* End PBXNativeTarget section */

/* Begin PBXProject section */
		15688F7923B5F09B00273BA1 /* Project object */ = {
			isa = PBXProject;
			attributes = {
				LastUpgradeCheck = 0830;
				ORGANIZATIONNAME = "Doubango Telecom";
				TargetAttributes = {
					15688F8023B5F09B00273BA1 = {
						CreatedOnToolsVersion = 8.3.3;
						DevelopmentTeam = E6F3H8ENQM;
						ProvisioningStyle = Automatic;
					};
				};
			};
			buildConfigurationList = 15688F7C23B5F09B00273BA1 /* Build configuration list for PBXProject "Benchmark" */;
			compatibilityVersion = "Xcode 3.2";
			developmentRegion = English;
			hasScannedForEncodings = 0;
			knownRegions = (
				English,
				en,
				Base,
			);
			mainGroup = 15688F7823B5F09B00273BA1;
			productRefGroup = 15688F8223B5F09B00273BA1 /* Products */;
			projectDirPath = "";
			projectRoot = "";
			targets = (
				15688F8023B5F09B00273BA1 /* Benchmark */,
			);
		};
/* End PBXProject section */

/* Begin PBXResourcesBuildPhase section */
		15688F7F23B5F09B00273BA1 /* Resources */ = {
			isa = PBXResourcesBuildPhase;
			buildActionMask = 2147483647;
			files = (
				15688F9423B5F09B00273BA1 /* LaunchScreen.storyboard in Resources */,
				15688FF723B61D7300273BA1 /* Passport-France_1200x864.jpg in Resources */,
				15688FF123B61D7300273BA1 /* Czech_passport_2005_MRZ_orient4_1300x1002.jpg in Resources */,
				15688FEE23B61D7300273BA1 /* Czech_passport_2005_MRZ_orient1_1300x1002.jpg in Resources */,
				15688F9123B5F09B00273BA1 /* Assets.xcassets in Resources */,
				15688FDB23B6171E00273BA1 /* mrz.classifier.params.json.doubango in Resources */,
				15688FF523B61D7300273BA1 /* Czech_passport_2005_MRZ_orient8_1300x1002.jpg in Resources */,
				15688FF423B61D7300273BA1 /* Czech_passport_2005_MRZ_orient7_1300x1002.jpg in Resources */,
				15688F8F23B5F09B00273BA1 /* Main.storyboard in Resources */,
				15688FF623B61D7300273BA1 /* Passport-Australia_1280x720.jpg in Resources */,
				15688FF323B61D7300273BA1 /* Czech_passport_2005_MRZ_orient6_1300x1002.jpg in Resources */,
				15688FEF23B61D7300273BA1 /* Czech_passport_2005_MRZ_orient2_1300x1002.jpg in Resources */,
				15688FDC23B6171E00273BA1 /* mrz.classifier.strong.model.flat in Resources */,
				15688FF023B61D7300273BA1 /* Czech_passport_2005_MRZ_orient3_1300x1002.jpg in Resources */,
				15688FF223B61D7300273BA1 /* Czech_passport_2005_MRZ_orient5_1300x1002.jpg in Resources */,
				15688FDE23B6171E00273BA1 /* mrz.traineddata in Resources */,
				15688FDD23B6171E00273BA1 /* mrz.classifier.strong.pca.json in Resources */,
			);
			runOnlyForDeploymentPostprocessing = 0;
		};
/* End PBXResourcesBuildPhase section */

/* Begin PBXSourcesBuildPhase section */
		15688F7D23B5F09B00273BA1 /* Sources */ = {
			isa = PBXSourcesBuildPhase;
			buildActionMask = 2147483647;
			files = (
				15688F8C23B5F09B00273BA1 /* ViewController.mm in Sources */,
				15688F8923B5F09B00273BA1 /* AppDelegate.mm in Sources */,
				15688F8623B5F09B00273BA1 /* main.m in Sources */,
			);
			runOnlyForDeploymentPostprocessing = 0;
		};
/* End PBXSourcesBuildPhase section */

/* Begin PBXVariantGroup section */
		15688F8D23B5F09B00273BA1 /* Main.storyboard */ = {
			isa = PBXVariantGroup;
			children = (
				15688F8E23B5F09B00273BA1 /* Base */,
			);
			name = Main.storyboard;
			sourceTree = "<group>";
		};
		15688F9223B5F09B00273BA1 /* LaunchScreen.storyboard */ = {
			isa = PBXVariantGroup;
			children = (
				15688F9323B5F09B00273BA1 /* Base */,
			);
			name = LaunchScreen.storyboard;
			sourceTree = "<group>";
		};
/* End PBXVariantGroup section */

/* Begin XCBuildConfiguration section */
		15688F9623B5F09B00273BA1 /* Debug */ = {
			isa = XCBuildConfiguration;
			buildSettings = {
				ALWAYS_SEARCH_USER_PATHS = NO;
				ARCHS = (
					armv7s,
					arm64,
				);
				CLANG_ANALYZER_NONNULL = YES;
				CLANG_ANALYZER_NUMBER_OBJECT_CONVERSION = YES_AGGRESSIVE;
				CLANG_CXX_LANGUAGE_STANDARD = "gnu++0x";
				CLANG_CXX_LIBRARY = "libc++";
				CLANG_ENABLE_MODULES = YES;
				CLANG_ENABLE_OBJC_ARC = YES;
				CLANG_WARN_BOOL_CONVERSION = YES;
				CLANG_WARN_CONSTANT_CONVERSION = YES;
				CLANG_WARN_DIRECT_OBJC_ISA_USAGE = YES_ERROR;
				CLANG_WARN_DOCUMENTATION_COMMENTS = YES;
				CLANG_WARN_EMPTY_BODY = YES;
				CLANG_WARN_ENUM_CONVERSION = YES;
				CLANG_WARN_INFINITE_RECURSION = YES;
				CLANG_WARN_INT_CONVERSION = YES;
				CLANG_WARN_OBJC_ROOT_CLASS = YES_ERROR;
				CLANG_WARN_SUSPICIOUS_MOVE = YES;
				CLANG_WARN_UNREACHABLE_CODE = YES;
				CLANG_WARN__DUPLICATE_METHOD_MATCH = YES;
				"CODE_SIGN_IDENTITY[sdk=iphoneos*]" = "iPhone Developer";
				COPY_PHASE_STRIP = NO;
				DEBUG_INFORMATION_FORMAT = dwarf;
				ENABLE_STRICT_OBJC_MSGSEND = YES;
				ENABLE_TESTABILITY = YES;
				GCC_C_LANGUAGE_STANDARD = gnu99;
				GCC_DYNAMIC_NO_PIC = NO;
				GCC_NO_COMMON_BLOCKS = YES;
				GCC_OPTIMIZATION_LEVEL = 0;
				GCC_PREPROCESSOR_DEFINITIONS = (
					"DEBUG=1",
					"$(inherited)",
				);
				GCC_WARN_64_TO_32_BIT_CONVERSION = YES;
				GCC_WARN_ABOUT_RETURN_TYPE = YES_ERROR;
				GCC_WARN_UNDECLARED_SELECTOR = YES;
				GCC_WARN_UNINITIALIZED_AUTOS = YES_AGGRESSIVE;
				GCC_WARN_UNUSED_FUNCTION = YES;
				GCC_WARN_UNUSED_VARIABLE = YES;
				IPHONEOS_DEPLOYMENT_TARGET = 8.0;
				MTL_ENABLE_DEBUG_INFO = YES;
				SDKROOT = iphoneos;
				TARGETED_DEVICE_FAMILY = "1,2";
			};
			name = Debug;
		};
		15688F9723B5F09B00273BA1 /* Release */ = {
			isa = XCBuildConfiguration;
			buildSettings = {
				ALWAYS_SEARCH_USER_PATHS = NO;
				ARCHS = (
					armv7s,
					arm64,
				);
				CLANG_ANALYZER_NONNULL = YES;
				CLANG_ANALYZER_NUMBER_OBJECT_CONVERSION = YES_AGGRESSIVE;
				CLANG_CXX_LANGUAGE_STANDARD = "gnu++0x";
				CLANG_CXX_LIBRARY = "libc++";
				CLANG_ENABLE_MODULES = YES;
				CLANG_ENABLE_OBJC_ARC = YES;
				CLANG_WARN_BOOL_CONVERSION = YES;
				CLANG_WARN_CONSTANT_CONVERSION = YES;
				CLANG_WARN_DIRECT_OBJC_ISA_USAGE = YES_ERROR;
				CLANG_WARN_DOCUMENTATION_COMMENTS = YES;
				CLANG_WARN_EMPTY_BODY = YES;
				CLANG_WARN_ENUM_CONVERSION = YES;
				CLANG_WARN_INFINITE_RECURSION = YES;
				CLANG_WARN_INT_CONVERSION = YES;
				CLANG_WARN_OBJC_ROOT_CLASS = YES_ERROR;
				CLANG_WARN_SUSPICIOUS_MOVE = YES;
				CLANG_WARN_UNREACHABLE_CODE = YES;
				CLANG_WARN__DUPLICATE_METHOD_MATCH = YES;
				"CODE_SIGN_IDENTITY[sdk=iphoneos*]" = "iPhone Developer";
				COPY_PHASE_STRIP = NO;
				DEBUG_INFORMATION_FORMAT = "dwarf-with-dsym";
				ENABLE_NS_ASSERTIONS = NO;
				ENABLE_STRICT_OBJC_MSGSEND = YES;
				GCC_C_LANGUAGE_STANDARD = gnu99;
				GCC_NO_COMMON_BLOCKS = YES;
				GCC_WARN_64_TO_32_BIT_CONVERSION = YES;
				GCC_WARN_ABOUT_RETURN_TYPE = YES_ERROR;
				GCC_WARN_UNDECLARED_SELECTOR = YES;
				GCC_WARN_UNINITIALIZED_AUTOS = YES_AGGRESSIVE;
				GCC_WARN_UNUSED_FUNCTION = YES;
				GCC_WARN_UNUSED_VARIABLE = YES;
				IPHONEOS_DEPLOYMENT_TARGET = 8.0;
				MTL_ENABLE_DEBUG_INFO = NO;
				SDKROOT = iphoneos;
				TARGETED_DEVICE_FAMILY = "1,2";
				VALIDATE_PRODUCT = YES;
			};
			name = Release;
		};
		15688F9923B5F09B00273BA1 /* Debug */ = {
			isa = XCBuildConfiguration;
			buildSettings = {
				ASSETCATALOG_COMPILER_APPICON_NAME = AppIcon;
				DEVELOPMENT_TEAM = E6F3H8ENQM;
				FRAMEWORK_SEARCH_PATHS = (
					"$(inherited)",
					"$(PROJECT_DIR)",
					../../../binaries/ios/,
				);
				INFOPLIST_FILE = Benchmark/Info.plist;
				IPHONEOS_DEPLOYMENT_TARGET = 8.0;
				LD_RUNPATH_SEARCH_PATHS = "$(inherited) @executable_path/Frameworks";
				PRODUCT_BUNDLE_IDENTIFIER = org.doubango.ultimateMRZ.Benchmark;
				PRODUCT_NAME = "$(TARGET_NAME)";
			};
			name = Debug;
		};
		15688F9A23B5F09B00273BA1 /* Release */ = {
			isa = XCBuildConfiguration;
			buildSettings = {
				ASSETCATALOG_COMPILER_APPICON_NAME = AppIcon;
				DEVELOPMENT_TEAM = E6F3H8ENQM;
				FRAMEWORK_SEARCH_PATHS = (
					"$(inherited)",
					"$(PROJECT_DIR)",
					../../../binaries/ios/,
				);
				INFOPLIST_FILE = Benchmark/Info.plist;
				IPHONEOS_DEPLOYMENT_TARGET = 8.0;
				LD_RUNPATH_SEARCH_PATHS = "$(inherited) @executable_path/Frameworks";
				PRODUCT_BUNDLE_IDENTIFIER = org.doubango.ultimateMRZ.Benchmark;
				PRODUCT_NAME = "$(TARGET_NAME)";
			};
			name = Release;
		};
/* End XCBuildConfiguration section */

/* Begin XCConfigurationList section */
		15688F7C23B5F09B00273BA1 /* Build configuration list for PBXProject "Benchmark" */ = {
			isa = XCConfigurationList;
			buildConfigurations = (
				15688F9623B5F09B00273BA1 /* Debug */,
				15688F9723B5F09B00273BA1 /* Release */,
			);
			defaultConfigurationIsVisible = 0;
			defaultConfigurationName = Release;
		};
		15688F9823B5F09B00273BA1 /* Build configuration list for PBXNativeTarget "Benchmark" */ = {
			isa = XCConfigurationList;
			buildConfigurations = (
				15688F9923B5F09B00273BA1 /* Debug */,
				15688F9A23B5F09B00273BA1 /* Release */,
			);
			defaultConfigurationIsVisible = 0;
			defaultConfigurationName = Release;
		};
/* End XCConfigurationList section */
	};
	rootObject = 15688F7923B5F09B00273BA1 /* Project object */;
}
